// !$*UTF8*$!
{
	archiveVersion = 1;
	classes = {
	};
	objectVersion = 77;
	objects = {

/* Begin PBXContainerItemProxy section */
		3A0C3AA12E1BE43C0074B427 /* PBXContainerItemProxy */ = {
			isa = PBXContainerItemProxy;
			containerPortal = 3A0C3A8B2E1BE43A0074B427 /* Project object */;
			proxyType = 1;
			remoteGlobalIDString = 3A0C3A922E1BE43A0074B427;
			remoteInfo = Haushaltsbuch;
		};
		3A0C3AAB2E1BE43C0074B427 /* PBXContainerItemProxy */ = {
			isa = PBXContainerItemProxy;
			containerPortal = 3A0C3A8B2E1BE43A0074B427 /* Project object */;
			proxyType = 1;
			remoteGlobalIDString = 3A0C3A922E1BE43A0074B427;
			remoteInfo = Haushaltsbuch;
		};
/* End PBXContainerItemProxy section */

/* Begin PBXFileReference section */
		3A0C3A932E1BE43A0074B427 /* Haushaltsbuch.app */ = {isa = PBXFileReference; explicitFileType = wrapper.application; includeInIndex = 0; path = Haushaltsbuch.app; sourceTree = BUILT_PRODUCTS_DIR; };
		3A0C3AA02E1BE43C0074B427 /* HaushaltsbuchTests.xctest */ = {isa = PBXFileReference; explicitFileType = wrapper.cfbundle; includeInIndex = 0; path = HaushaltsbuchTests.xctest; sourceTree = BUILT_PRODUCTS_DIR; };
		3A0C3AAA2E1BE43C0074B427 /* HaushaltsbuchUITests.xctest */ = {isa = PBXFileReference; explicitFileType = wrapper.cfbundle; includeInIndex = 0; path = HaushaltsbuchUITests.xctest; sourceTree = BUILT_PRODUCTS_DIR; };
/* End PBXFileReference section */

/* Begin PBXFileSystemSynchronizedRootGroup section */
		3A0C3A952E1BE43A0074B427 /* Haushaltsbuch */ = {
			isa = PBXFileSystemSynchronizedRootGroup;
			path = Haushaltsbuch;
			sourceTree = "<group>";
		};
		3A0C3AA32E1BE43C0074B427 /* HaushaltsbuchTests */ = {
			isa = PBXFileSystemSynchronizedRootGroup;
			path = HaushaltsbuchTests;
			sourceTree = "<group>";
		};
		3A0C3AAD2E1BE43C0074B427 /* HaushaltsbuchUITests */ = {
			isa = PBXFileSystemSynchronizedRootGroup;
			path = HaushaltsbuchUITests;
			sourceTree = "<group>";
		};
/* End PBXFileSystemSynchronizedRootGroup section */

/* Begin PBXFrameworksBuildPhase section */
		3A0C3A902E1BE43A0074B427 /* Frameworks */ = {
			isa = PBXFrameworksBuildPhase;
			buildActionMask = 2147483647;
			files = (
			);
			runOnlyForDeploymentPostprocessing = 0;
		};
		3A0C3A9D2E1BE43C0074B427 /* Frameworks */ = {
			isa = PBXFrameworksBuildPhase;
			buildActionMask = 2147483647;
			files = (
			);
			runOnlyForDeploymentPostprocessing = 0;
		};
		3A0C3AA72E1BE43C0074B427 /* Frameworks */ = {
			isa = PBXFrameworksBuildPhase;
			buildActionMask = 2147483647;
			files = (
			);
			runOnlyForDeploymentPostprocessing = 0;
		};
/* End PBXFrameworksBuildPhase section */

/* Begin PBXGroup section */
		3A0C3A8A2E1BE43A0074B427 = {
			isa = PBXGroup;
			children = (
				3A0C3A952E1BE43A0074B427 /* Haushaltsbuch */,
				3A0C3AA32E1BE43C0074B427 /* HaushaltsbuchTests */,
				3A0C3AAD2E1BE43C0074B427 /* HaushaltsbuchUITests */,
				3A0C3A942E1BE43A0074B427 /* Products */,
			);
			sourceTree = "<group>";
		};
		3A0C3A942E1BE43A0074B427 /* Products */ = {
			isa = PBXGroup;
			children = (
				3A0C3A932E1BE43A0074B427 /* Haushaltsbuch.app */,
				3A0C3AA02E1BE43C0074B427 /* HaushaltsbuchTests.xctest */,
				3A0C3AAA2E1BE43C0074B427 /* HaushaltsbuchUITests.xctest */,
			);
			name = Products;
			sourceTree = "<group>";
		};
/* End PBXGroup section */

/* Begin PBXNativeTarget section */
		3A0C3A922E1BE43A0074B427 /* Haushaltsbuch */ = {
			isa = PBXNativeTarget;
			buildConfigurationList = 3A0C3AB42E1BE43C0074B427 /* Build configuration list for PBXNativeTarget "Haushaltsbuch" */;
			buildPhases = (
				3A0C3A8F2E1BE43A0074B427 /* Sources */,
				3A0C3A902E1BE43A0074B427 /* Frameworks */,
				3A0C3A912E1BE43A0074B427 /* Resources */,
			);
			buildRules = (
			);
			dependencies = (
			);
			fileSystemSynchronizedGroups = (
				3A0C3A952E1BE43A0074B427 /* Haushaltsbuch */,
			);
			name = Haushaltsbuch;
			packageProductDependencies = (
			);
			productName = Haushaltsbuch;
			productReference = 3A0C3A932E1BE43A0074B427 /* Haushaltsbuch.app */;
			productType = "com.apple.product-type.application";
		};
		3A0C3A9F2E1BE43C0074B427 /* HaushaltsbuchTests */ = {
			isa = PBXNativeTarget;
			buildConfigurationList = 3A0C3AB72E1BE43C0074B427 /* Build configuration list for PBXNativeTarget "HaushaltsbuchTests" */;
			buildPhases = (
				3A0C3A9C2E1BE43C0074B427 /* Sources */,
				3A0C3A9D2E1BE43C0074B427 /* Frameworks */,
				3A0C3A9E2E1BE43C0074B427 /* Resources */,
			);
			buildRules = (
			);
			dependencies = (
				3A0C3AA22E1BE43C0074B427 /* PBXTargetDependency */,
			);
			fileSystemSynchronizedGroups = (
				3A0C3AA32E1BE43C0074B427 /* HaushaltsbuchTests */,
			);
			name = HaushaltsbuchTests;
			packageProductDependencies = (
			);
			productName = HaushaltsbuchTests;
			productReference = 3A0C3AA02E1BE43C0074B427 /* HaushaltsbuchTests.xctest */;
			productType = "com.apple.product-type.bundle.unit-test";
		};
		3A0C3AA92E1BE43C0074B427 /* HaushaltsbuchUITests */ = {
			isa = PBXNativeTarget;
			buildConfigurationList = 3A0C3ABA2E1BE43C0074B427 /* Build configuration list for PBXNativeTarget "HaushaltsbuchUITests" */;
			buildPhases = (
				3A0C3AA62E1BE43C0074B427 /* Sources */,
				3A0C3AA72E1BE43C0074B427 /* Frameworks */,
				3A0C3AA82E1BE43C0074B427 /* Resources */,
			);
			buildRules = (
			);
			dependencies = (
				3A0C3AAC2E1BE43C0074B427 /* PBXTargetDependency */,
			);
			fileSystemSynchronizedGroups = (
				3A0C3AAD2E1BE43C0074B427 /* HaushaltsbuchUITests */,
			);
			name = HaushaltsbuchUITests;
			packageProductDependencies = (
			);
			productName = HaushaltsbuchUITests;
			productReference = 3A0C3AAA2E1BE43C0074B427 /* HaushaltsbuchUITests.xctest */;
			productType = "com.apple.product-type.bundle.ui-testing";
		};
/* End PBXNativeTarget section */

/* Begin PBXProject section */
		3A0C3A8B2E1BE43A0074B427 /* Project object */ = {
			isa = PBXProject;
			attributes = {
				BuildIndependentTargetsInParallel = 1;
				LastSwiftUpdateCheck = 1640;
				LastUpgradeCheck = 1640;
				TargetAttributes = {
					3A0C3A922E1BE43A0074B427 = {
						CreatedOnToolsVersion = 16.4;
					};
					3A0C3A9F2E1BE43C0074B427 = {
						CreatedOnToolsVersion = 16.4;
						TestTargetID = 3A0C3A922E1BE43A0074B427;
					};
					3A0C3AA92E1BE43C0074B427 = {
						CreatedOnToolsVersion = 16.4;
						TestTargetID = 3A0C3A922E1BE43A0074B427;
					};
				};
			};
			buildConfigurationList = 3A0C3A8E2E1BE43A0074B427 /* Build configuration list for PBXProject "Haushaltsbuch" */;
			developmentRegion = en;
			hasScannedForEncodings = 0;
			knownRegions = (
				en,
				Base,
			);
			mainGroup = 3A0C3A8A2E1BE43A0074B427;
			minimizedProjectReferenceProxies = 1;
			preferredProjectObjectVersion = 77;
			productRefGroup = 3A0C3A942E1BE43A0074B427 /* Products */;
			projectDirPath = "";
			projectRoot = "";
			targets = (
				3A0C3A922E1BE43A0074B427 /* Haushaltsbuch */,
				3A0C3A9F2E1BE43C0074B427 /* HaushaltsbuchTests */,
				3A0C3AA92E1BE43C0074B427 /* HaushaltsbuchUITests */,
			);
		};
/* End PBXProject section */

/* Begin PBXResourcesBuildPhase section */
		3A0C3A912E1BE43A0074B427 /* Resources */ = {
			isa = PBXResourcesBuildPhase;
			buildActionMask = 2147483647;
			files = (
			);
			runOnlyForDeploymentPostprocessing = 0;
		};
		3A0C3A9E2E1BE43C0074B427 /* Resources */ = {
			isa = PBXResourcesBuildPhase;
			buildActionMask = 2147483647;
			files = (
			);
			runOnlyForDeploymentPostprocessing = 0;
		};
		3A0C3AA82E1BE43C0074B427 /* Resources */ = {
			isa = PBXResourcesBuildPhase;
			buildActionMask = 2147483647;
			files = (
			);
			runOnlyForDeploymentPostprocessing = 0;
		};
/* End PBXResourcesBuildPhase section */

/* Begin PBXSourcesBuildPhase section */
		3A0C3A8F2E1BE43A0074B427 /* Sources */ = {
			isa = PBXSourcesBuildPhase;
			buildActionMask = 2147483647;
			files = (
			);
			runOnlyForDeploymentPostprocessing = 0;
		};
		3A0C3A9C2E1BE43C0074B427 /* Sources */ = {
			isa = PBXSourcesBuildPhase;
			buildActionMask = 2147483647;
			files = (
			);
			runOnlyForDeploymentPostprocessing = 0;
		};
		3A0C3AA62E1BE43C0074B427 /* Sources */ = {
			isa = PBXSourcesBuildPhase;
			buildActionMask = 2147483647;
			files = (
			);
			runOnlyForDeploymentPostprocessing = 0;
		};
/* End PBXSourcesBuildPhase section */

/* Begin PBXTargetDependency section */
		3A0C3AA22E1BE43C0074B427 /* PBXTargetDependency */ = {
			isa = PBXTargetDependency;
			target = 3A0C3A922E1BE43A0074B427 /* Haushaltsbuch */;
			targetProxy = 3A0C3AA12E1BE43C0074B427 /* PBXContainerItemProxy */;
		};
		3A0C3AAC2E1BE43C0074B427 /* PBXTargetDependency */ = {
			isa = PBXTargetDependency;
			target = 3A0C3A922E1BE43A0074B427 /* Haushaltsbuch */;
			targetProxy = 3A0C3AAB2E1BE43C0074B427 /* PBXContainerItemProxy */;
		};
/* End PBXTargetDependency section */

/* Begin XCBuildConfiguration section */
		3A0C3AB22E1BE43C0074B427 /* Debug */ = {
			isa = XCBuildConfiguration;
			buildSettings = {
				ALWAYS_SEARCH_USER_PATHS = NO;
				ASSETCATALOG_COMPILER_GENERATE_SWIFT_ASSET_SYMBOL_EXTENSIONS = YES;
				CLANG_ANALYZER_NONNULL = YES;
				CLANG_ANALYZER_NUMBER_OBJECT_CONVERSION = YES_AGGRESSIVE;
				CLANG_CXX_LANGUAGE_STANDARD = "gnu++20";
				CLANG_ENABLE_MODULES = YES;
				CLANG_ENABLE_OBJC_ARC = YES;
				CLANG_ENABLE_OBJC_WEAK = YES;
				CLANG_WARN_BLOCK_CAPTURE_AUTORELEASING = YES;
				CLANG_WARN_BOOL_CONVERSION = YES;
				CLANG_WARN_COMMA = YES;
				CLANG_WARN_CONSTANT_CONVERSION = YES;
				CLANG_WARN_DEPRECATED_OBJC_IMPLEMENTATIONS = YES;
				CLANG_WARN_DIRECT_OBJC_ISA_USAGE = YES_ERROR;
				CLANG_WARN_DOCUMENTATION_COMMENTS = YES;
				CLANG_WARN_EMPTY_BODY = YES;
				CLANG_WARN_ENUM_CONVERSION = YES;
				CLANG_WARN_INFINITE_RECURSION = YES;
				CLANG_WARN_INT_CONVERSION = YES;
				CLANG_WARN_NON_LITERAL_NULL_CONVERSION = YES;
				CLANG_WARN_OBJC_IMPLICIT_RETAIN_SELF = YES;
				CLANG_WARN_OBJC_LITERAL_CONVERSION = YES;
				CLANG_WARN_OBJC_ROOT_CLASS = YES_ERROR;
				CLANG_WARN_QUOTED_INCLUDE_IN_FRAMEWORK_HEADER = YES;
				CLANG_WARN_RANGE_LOOP_ANALYSIS = YES;
				CLANG_WARN_STRICT_PROTOTYPES = YES;
				CLANG_WARN_SUSPICIOUS_MOVE = YES;
				CLANG_WARN_UNGUARDED_AVAILABILITY = YES_AGGRESSIVE;
				CLANG_WARN_UNREACHABLE_CODE = YES;
				CLANG_WARN__DUPLICATE_METHOD_MATCH = YES;
				COPY_PHASE_STRIP = NO;
				DEBUG_INFORMATION_FORMAT = dwarf;
				DEVELOPMENT_TEAM = 6WTW6P92R4;
				ENABLE_STRICT_OBJC_MSGSEND = YES;
				ENABLE_TESTABILITY = YES;
				ENABLE_USER_SCRIPT_SANDBOXING = YES;
				GCC_C_LANGUAGE_STANDARD = gnu17;
				GCC_DYNAMIC_NO_PIC = NO;
				GCC_NO_COMMON_BLOCKS = YES;
				GCC_OPTIMIZATION_LEVEL = 0;
				GCC_PREPROCESSOR_DEFINITIONS = (
					"DEBUG=1",
					"$(inherited)",
				);
				GCC_WARN_64_TO_32_BIT_CONVERSION = YES;
				GCC_WARN_ABOUT_RETURN_TYPE = YES_ERROR;
				GCC_WARN_UNDECLARED_SELECTOR = YES;
				GCC_WARN_UNINITIALIZED_AUTOS = YES_AGGRESSIVE;
				GCC_WARN_UNUSED_FUNCTION = YES;
				GCC_WARN_UNUSED_VARIABLE = YES;
				IPHONEOS_DEPLOYMENT_TARGET = 18.5;
				LOCALIZATION_PREFERS_STRING_CATALOGS = YES;
				MTL_ENABLE_DEBUG_INFO = INCLUDE_SOURCE;
				MTL_FAST_MATH = YES;
				ONLY_ACTIVE_ARCH = YES;
				SDKROOT = iphoneos;
				SWIFT_ACTIVE_COMPILATION_CONDITIONS = "DEBUG $(inherited)";
				SWIFT_OPTIMIZATION_LEVEL = "-Onone";
			};
			name = Debug;
		};
		3A0C3AB32E1BE43C0074B427 /* Release */ = {
			isa = XCBuildConfiguration;
			buildSettings = {
				ALWAYS_SEARCH_USER_PATHS = NO;
				ASSETCATALOG_COMPILER_GENERATE_SWIFT_ASSET_SYMBOL_EXTENSIONS = YES;
				CLANG_ANALYZER_NONNULL = YES;
				CLANG_ANALYZER_NUMBER_OBJECT_CONVERSION = YES_AGGRESSIVE;
				CLANG_CXX_LANGUAGE_STANDARD = "gnu++20";
				CLANG_ENABLE_MODULES = YES;
				CLANG_ENABLE_OBJC_ARC = YES;
				CLANG_ENABLE_OBJC_WEAK = YES;
				CLANG_WARN_BLOCK_CAPTURE_AUTORELEASING = YES;
				CLANG_WARN_BOOL_CONVERSION = YES;
				CLANG_WARN_COMMA = YES;
				CLANG_WARN_CONSTANT_CONVERSION = YES;
				CLANG_WARN_DEPRECATED_OBJC_IMPLEMENTATIONS = YES;
				CLANG_WARN_DIRECT_OBJC_ISA_USAGE = YES_ERROR;
				CLANG_WARN_DOCUMENTATION_COMMENTS = YES;
				CLANG_WARN_EMPTY_BODY = YES;
				CLANG_WARN_ENUM_CONVERSION = YES;
				CLANG_WARN_INFINITE_RECURSION = YES;
				CLANG_WARN_INT_CONVERSION = YES;
				CLANG_WARN_NON_LITERAL_NULL_CONVERSION = YES;
				CLANG_WARN_OBJC_IMPLICIT_RETAIN_SELF = YES;
				CLANG_WARN_OBJC_LITERAL_CONVERSION = YES;
				CLANG_WARN_OBJC_ROOT_CLASS = YES_ERROR;
				CLANG_WARN_QUOTED_INCLUDE_IN_FRAMEWORK_HEADER = YES;
				CLANG_WARN_RANGE_LOOP_ANALYSIS = YES;
				CLANG_WARN_STRICT_PROTOTYPES = YES;
				CLANG_WARN_SUSPICIOUS_MOVE = YES;
				CLANG_WARN_UNGUARDED_AVAILABILITY = YES_AGGRESSIVE;
				CLANG_WARN_UNREACHABLE_CODE = YES;
				CLANG_WARN__DUPLICATE_METHOD_MATCH = YES;
				COPY_PHASE_STRIP = NO;
				DEBUG_INFORMATION_FORMAT = "dwarf-with-dsym";
				DEVELOPMENT_TEAM = 6WTW6P92R4;
				ENABLE_NS_ASSERTIONS = NO;
				ENABLE_STRICT_OBJC_MSGSEND = YES;
				ENABLE_USER_SCRIPT_SANDBOXING = YES;
				GCC_C_LANGUAGE_STANDARD = gnu17;
				GCC_NO_COMMON_BLOCKS = YES;
				GCC_WARN_64_TO_32_BIT_CONVERSION = YES;
				GCC_WARN_ABOUT_RETURN_TYPE = YES_ERROR;
				GCC_WARN_UNDECLARED_SELECTOR = YES;
				GCC_WARN_UNINITIALIZED_AUTOS = YES_AGGRESSIVE;
				GCC_WARN_UNUSED_FUNCTION = YES;
				GCC_WARN_UNUSED_VARIABLE = YES;
				IPHONEOS_DEPLOYMENT_TARGET = 18.5;
				LOCALIZATION_PREFERS_STRING_CATALOGS = YES;
				MTL_ENABLE_DEBUG_INFO = NO;
				MTL_FAST_MATH = YES;
				SDKROOT = iphoneos;
				SWIFT_COMPILATION_MODE = wholemodule;
				VALIDATE_PRODUCT = YES;
			};
			name = Release;
		};
		3A0C3AB52E1BE43C0074B427 /* Debug */ = {
			isa = XCBuildConfiguration;
			buildSettings = {
				ASSETCATALOG_COMPILER_APPICON_NAME = AppIcon;
				ASSETCATALOG_COMPILER_GLOBAL_ACCENT_COLOR_NAME = AccentColor;
				CODE_SIGN_STYLE = Automatic;
				CURRENT_PROJECT_VERSION = 1;
				DEVELOPMENT_TEAM = 6WTW6P92R4;
				ENABLE_PREVIEWS = YES;
				GENERATE_INFOPLIST_FILE = YES;
				INFOPLIST_KEY_UIApplicationSceneManifest_Generation = YES;
				INFOPLIST_KEY_UIApplicationSupportsIndirectInputEvents = YES;
				INFOPLIST_KEY_UILaunchScreen_Generation = YES;
				INFOPLIST_KEY_UISupportedInterfaceOrientations_iPad = "UIInterfaceOrientationPortrait UIInterfaceOrientationPortraitUpsideDown UIInterfaceOrientationLandscapeLeft UIInterfaceOrientationLandscapeRight";
				INFOPLIST_KEY_UISupportedInterfaceOrientations_iPhone = "UIInterfaceOrientationPortrait UIInterfaceOrientationLandscapeLeft UIInterfaceOrientationLandscapeRight";
				LD_RUNPATH_SEARCH_PATHS = (
					"$(inherited)",
					"@executable_path/Frameworks",
				);
				MARKETING_VERSION = 1.0;
				PRODUCT_BUNDLE_IDENTIFIER = com.dio.Haushaltsbuch;
				PRODUCT_NAME = "$(TARGET_NAME)";
				SWIFT_EMIT_LOC_STRINGS = YES;
				SWIFT_VERSION = 5.0;
				TARGETED_DEVICE_FAMILY = "1,2";
			};
			name = Debug;
		};
		3A0C3AB62E1BE43C0074B427 /* Release */ = {
			isa = XCBuildConfiguration;
			buildSettings = {
				ASSETCATALOG_COMPILER_APPICON_NAME = AppIcon;
				ASSETCATALOG_COMPILER_GLOBAL_ACCENT_COLOR_NAME = AccentColor;
				CODE_SIGN_STYLE = Automatic;
				CURRENT_PROJECT_VERSION = 1;
				DEVELOPMENT_TEAM = 6WTW6P92R4;
				ENABLE_PREVIEWS = YES;
				GENERATE_INFOPLIST_FILE = YES;
				INFOPLIST_KEY_UIApplicationSceneManifest_Generation = YES;
				INFOPLIST_KEY_UIApplicationSupportsIndirectInputEvents = YES;
				INFOPLIST_KEY_UILaunchScreen_Generation = YES;
				INFOPLIST_KEY_UISupportedInterfaceOrientations_iPad = "UIInterfaceOrientationPortrait UIInterfaceOrientationPortraitUpsideDown UIInterfaceOrientationLandscapeLeft UIInterfaceOrientationLandscapeRight";
				INFOPLIST_KEY_UISupportedInterfaceOrientations_iPhone = "UIInterfaceOrientationPortrait UIInterfaceOrientationLandscapeLeft UIInterfaceOrientationLandscapeRight";
				LD_RUNPATH_SEARCH_PATHS = (
					"$(inherited)",
					"@executable_path/Frameworks",
				);
				MARKETING_VERSION = 1.0;
				PRODUCT_BUNDLE_IDENTIFIER = com.dio.Haushaltsbuch;
				PRODUCT_NAME = "$(TARGET_NAME)";
				SWIFT_EMIT_LOC_STRINGS = YES;
				SWIFT_VERSION = 5.0;
				TARGETED_DEVICE_FAMILY = "1,2";
			};
			name = Release;
		};
		3A0C3AB82E1BE43C0074B427 /* Debug */ = {
			isa = XCBuildConfiguration;
			buildSettings = {
				BUNDLE_LOADER = "$(TEST_HOST)";
				CODE_SIGN_STYLE = Automatic;
				CURRENT_PROJECT_VERSION = 1;
				DEVELOPMENT_TEAM = 6WTW6P92R4;
				GENERATE_INFOPLIST_FILE = YES;
				IPHONEOS_DEPLOYMENT_TARGET = 18.5;
				MARKETING_VERSION = 1.0;
				PRODUCT_BUNDLE_IDENTIFIER = com.dio.HaushaltsbuchTests;
				PRODUCT_NAME = "$(TARGET_NAME)";
				SWIFT_EMIT_LOC_STRINGS = NO;
				SWIFT_VERSION = 5.0;
				TARGETED_DEVICE_FAMILY = "1,2";
				TEST_HOST = "$(BUILT_PRODUCTS_DIR)/Haushaltsbuch.app/$(BUNDLE_EXECUTABLE_FOLDER_PATH)/Haushaltsbuch";
			};
			name = Debug;
		};
		3A0C3AB92E1BE43C0074B427 /* Release */ = {
			isa = XCBuildConfiguration;
			buildSettings = {
				BUNDLE_LOADER = "$(TEST_HOST)";
				CODE_SIGN_STYLE = Automatic;
				CURRENT_PROJECT_VERSION = 1;
				DEVELOPMENT_TEAM = 6WTW6P92R4;
				GENERATE_INFOPLIST_FILE = YES;
				IPHONEOS_DEPLOYMENT_TARGET = 18.5;
				MARKETING_VERSION = 1.0;
				PRODUCT_BUNDLE_IDENTIFIER = com.dio.HaushaltsbuchTests;
				PRODUCT_NAME = "$(TARGET_NAME)";
				SWIFT_EMIT_LOC_STRINGS = NO;
				SWIFT_VERSION = 5.0;
				TARGETED_DEVICE_FAMILY = "1,2";
				TEST_HOST = "$(BUILT_PRODUCTS_DIR)/Haushaltsbuch.app/$(BUNDLE_EXECUTABLE_FOLDER_PATH)/Haushaltsbuch";
			};
			name = Release;
		};
		3A0C3ABB2E1BE43C0074B427 /* Debug */ = {
			isa = XCBuildConfiguration;
			buildSettings = {
				CODE_SIGN_STYLE = Automatic;
				CURRENT_PROJECT_VERSION = 1;
				DEVELOPMENT_TEAM = 6WTW6P92R4;
				GENERATE_INFOPLIST_FILE = YES;
				MARKETING_VERSION = 1.0;
				PRODUCT_BUNDLE_IDENTIFIER = com.dio.HaushaltsbuchUITests;
				PRODUCT_NAME = "$(TARGET_NAME)";
				SWIFT_EMIT_LOC_STRINGS = NO;
				SWIFT_VERSION = 5.0;
				TARGETED_DEVICE_FAMILY = "1,2";
				TEST_TARGET_NAME = Haushaltsbuch;
			};
			name = Debug;
		};
		3A0C3ABC2E1BE43C0074B427 /* Release */ = {
			isa = XCBuildConfiguration;
			buildSettings = {
				CODE_SIGN_STYLE = Automatic;
				CURRENT_PROJECT_VERSION = 1;
				DEVELOPMENT_TEAM = 6WTW6P92R4;
				GENERATE_INFOPLIST_FILE = YES;
				MARKETING_VERSION = 1.0;
				PRODUCT_BUNDLE_IDENTIFIER = com.dio.HaushaltsbuchUITests;
				PRODUCT_NAME = "$(TARGET_NAME)";
				SWIFT_EMIT_LOC_STRINGS = NO;
				SWIFT_VERSION = 5.0;
				TARGETED_DEVICE_FAMILY = "1,2";
				TEST_TARGET_NAME = Haushaltsbuch;
			};
			name = Release;
		};
/* End XCBuildConfiguration section */

/* Begin XCConfigurationList section */
		3A0C3A8E2E1BE43A0074B427 /* Build configuration list for PBXProject "Haushaltsbuch" */ = {
			isa = XCConfigurationList;
			buildConfigurations = (
				3A0C3AB22E1BE43C0074B427 /* Debug */,
				3A0C3AB32E1BE43C0074B427 /* Release */,
			);
			defaultConfigurationIsVisible = 0;
			defaultConfigurationName = Release;
		};
		3A0C3AB42E1BE43C0074B427 /* Build configuration list for PBXNativeTarget "Haushaltsbuch" */ = {
			isa = XCConfigurationList;
			buildConfigurations = (
				3A0C3AB52E1BE43C0074B427 /* Debug */,
				3A0C3AB62E1BE43C0074B427 /* Release */,
			);
			defaultConfigurationIsVisible = 0;
			defaultConfigurationName = Release;
		};
		3A0C3AB72E1BE43C0074B427 /* Build configuration list for PBXNativeTarget "HaushaltsbuchTests" */ = {
			isa = XCConfigurationList;
			buildConfigurations = (
				3A0C3AB82E1BE43C0074B427 /* Debug */,
				3A0C3AB92E1BE43C0074B427 /* Release */,
			);
			defaultConfigurationIsVisible = 0;
			defaultConfigurationName = Release;
		};
		3A0C3ABA2E1BE43C0074B427 /* Build configuration list for PBXNativeTarget "HaushaltsbuchUITests" */ = {
			isa = XCConfigurationList;
			buildConfigurations = (
				3A0C3ABB2E1BE43C0074B427 /* Debug */,
				3A0C3ABC2E1BE43C0074B427 /* Release */,
			);
			defaultConfigurationIsVisible = 0;
			defaultConfigurationName = Release;
		};
/* End XCConfigurationList section */
	};
	rootObject = 3A0C3A8B2E1BE43A0074B427 /* Project object */;
}
